
Microsoft Visual Studio Solution File, Format Version 12.00
# Visual Studio Version 16
VisualStudioVersion = 16.0.30011.22
MinimumVisualStudioVersion = 10.0.40219.1
Project("{2150E333-8FDC-42A3-9474-1A3956D46DE8}") = "Solution Items", "Solution Items", "{A8668EAB-6602-4560-8C38-86C84FA9124C}"
	ProjectSection(SolutionItems) = preProject
		.editorconfig = .editorconfig
		Directory.Build.props = Directory.Build.props
		LICENSE.md = LICENSE.md
		README.md = README.md
	EndProjectSection
EndProject
Project("{2150E333-8FDC-42A3-9474-1A3956D46DE8}") = "Tests", "Tests", "{D58A09EC-1247-4839-95AA-3B8C9E649839}"
EndProject
Project("{2150E333-8FDC-42A3-9474-1A3956D46DE8}") = "Core", "Core", "{792AC347-74FB-4A4E-AD3B-D78B344D17BB}"
EndProject
Project("{FAE04EC0-301F-11D3-BF4B-00C04F79EFBC}") = "TypingRealm.Messaging.Core", "TypingRealm.Messaging.Core\TypingRealm.Messaging.Core.csproj", "{C0B9F69D-A0D4-4C48-9571-E949C4FC856A}"
EndProject
Global
	GlobalSection(SolutionConfigurationPlatforms) = preSolution
		Debug|Any CPU = Debug|Any CPU
		Release|Any CPU = Release|Any CPU
	EndGlobalSection
	GlobalSection(ProjectConfigurationPlatforms) = postSolution
		{C0B9F69D-A0D4-4C48-9571-E949C4FC856A}.Debug|Any CPU.ActiveCfg = Debug|Any CPU
		{C0B9F69D-A0D4-4C48-9571-E949C4FC856A}.Debug|Any CPU.Build.0 = Debug|Any CPU
		{C0B9F69D-A0D4-4C48-9571-E949C4FC856A}.Release|Any CPU.ActiveCfg = Release|Any CPU
		{C0B9F69D-A0D4-4C48-9571-E949C4FC856A}.Release|Any CPU.Build.0 = Release|Any CPU
	EndGlobalSection
	GlobalSection(SolutionProperties) = preSolution
		HideSolutionNode = FALSE
	EndGlobalSection
	GlobalSection(NestedProjects) = preSolution
		{C0B9F69D-A0D4-4C48-9571-E949C4FC856A} = {792AC347-74FB-4A4E-AD3B-D78B344D17BB}
	EndGlobalSection
	GlobalSection(ExtensibilityGlobals) = postSolution
		SolutionGuid = {BCBE02AB-E010-400D-99F3-DE372EABFDE7}
	EndGlobalSection
EndGlobal
