
Microsoft Visual Studio Solution File, Format Version 12.00
# Visual Studio Version 17
VisualStudioVersion = 17.1.32210.238
MinimumVisualStudioVersion = 10.0.40219.1
Project("{2150E333-8FDC-42A3-9474-1A3956D46DE8}") = "Solution Items", "Solution Items", "{8EE408D2-8FE2-46E2-9DB1-F800B7C6DBF3}"
	ProjectSection(SolutionItems) = preProject
		..\..\.editorconfig = ..\..\.editorconfig
		..\..\Directory.Build.props = ..\..\Directory.Build.props
	EndProjectSection
EndProject
Project("{9A19103F-16F7-4668-BE54-9A1E7A4F7556}") = "TypingRealm.Texts.Api", "TypingRealm.Texts.Api\TypingRealm.Texts.Api.csproj", "{B1DAD88C-1DDF-44BE-BF0C-5F99F10EFAAF}"
EndProject
Project("{2150E333-8FDC-42A3-9474-1A3956D46DE8}") = "Framework", "Framework", "{8B4690B9-6F87-4ACC-9648-FB7084A5F13E}"
EndProject
Project("{FAE04EC0-301F-11D3-BF4B-00C04F79EFBC}") = "TypingRealm.Hosting", "..\..\framework\dotnet\TypingRealm.Hosting\TypingRealm.Hosting.csproj", "{1E45FB71-A73A-4061-86BD-D4BE46E006C7}"
EndProject
Global
	GlobalSection(SolutionConfigurationPlatforms) = preSolution
		Debug|Any CPU = Debug|Any CPU
		Release|Any CPU = Release|Any CPU
	EndGlobalSection
	GlobalSection(ProjectConfigurationPlatforms) = postSolution
		{B1DAD88C-1DDF-44BE-BF0C-5F99F10EFAAF}.Debug|Any CPU.ActiveCfg = Debug|Any CPU
		{B1DAD88C-1DDF-44BE-BF0C-5F99F10EFAAF}.Debug|Any CPU.Build.0 = Debug|Any CPU
		{B1DAD88C-1DDF-44BE-BF0C-5F99F10EFAAF}.Release|Any CPU.ActiveCfg = Release|Any CPU
		{B1DAD88C-1DDF-44BE-BF0C-5F99F10EFAAF}.Release|Any CPU.Build.0 = Release|Any CPU
		{1E45FB71-A73A-4061-86BD-D4BE46E006C7}.Debug|Any CPU.ActiveCfg = Debug|Any CPU
		{1E45FB71-A73A-4061-86BD-D4BE46E006C7}.Debug|Any CPU.Build.0 = Debug|Any CPU
		{1E45FB71-A73A-4061-86BD-D4BE46E006C7}.Release|Any CPU.ActiveCfg = Release|Any CPU
		{1E45FB71-A73A-4061-86BD-D4BE46E006C7}.Release|Any CPU.Build.0 = Release|Any CPU
	EndGlobalSection
	GlobalSection(SolutionProperties) = preSolution
		HideSolutionNode = FALSE
	EndGlobalSection
	GlobalSection(NestedProjects) = preSolution
		{1E45FB71-A73A-4061-86BD-D4BE46E006C7} = {8B4690B9-6F87-4ACC-9648-FB7084A5F13E}
	EndGlobalSection
	GlobalSection(ExtensibilityGlobals) = postSolution
		SolutionGuid = {5C689AE0-38F7-45E6-95B4-4CF34E458DEB}
	EndGlobalSection
EndGlobal
